// !$*UTF8*$!
{
	archiveVersion = 1;
	classes = {
	};
	objectVersion = 56;
	objects = {

/* Begin PBXBuildFile section */
		047D389928D368BB00D05B9D /* ListApp.swift in Sources */ = {isa = PBXBuildFile; fileRef = 047D389828D368BB00D05B9D /* ListApp.swift */; };
		047D389B28D368BB00D05B9D /* ContentView.swift in Sources */ = {isa = PBXBuildFile; fileRef = 047D389A28D368BB00D05B9D /* ContentView.swift */; };
		047D389D28D368BD00D05B9D /* Assets.xcassets in Resources */ = {isa = PBXBuildFile; fileRef = 047D389C28D368BD00D05B9D /* Assets.xcassets */; };
		047D38A028D368BD00D05B9D /* Preview Assets.xcassets in Resources */ = {isa = PBXBuildFile; fileRef = 047D389F28D368BD00D05B9D /* Preview Assets.xcassets */; };
		047D38AA28D368BE00D05B9D /* ListTests.swift in Sources */ = {isa = PBXBuildFile; fileRef = 047D38A928D368BE00D05B9D /* ListTests.swift */; };
		047D38B428D368BE00D05B9D /* ListUITests.swift in Sources */ = {isa = PBXBuildFile; fileRef = 047D38B328D368BE00D05B9D /* ListUITests.swift */; };
		047D38B628D368BE00D05B9D /* ListUITestsLaunchTests.swift in Sources */ = {isa = PBXBuildFile; fileRef = 047D38B528D368BE00D05B9D /* ListUITestsLaunchTests.swift */; };
		047D38C328D368EB00D05B9D /* List1.swift in Sources */ = {isa = PBXBuildFile; fileRef = 047D38C228D368EB00D05B9D /* List1.swift */; };
		047D38C528D42FF600D05B9D /* BookDetail.swift in Sources */ = {isa = PBXBuildFile; fileRef = 047D38C428D42FF600D05B9D /* BookDetail.swift */; };
		047D38C728D44ADF00D05B9D /* List2.swift in Sources */ = {isa = PBXBuildFile; fileRef = 047D38C628D44ADF00D05B9D /* List2.swift */; };
/* End PBXBuildFile section */

/* Begin PBXContainerItemProxy section */
		047D38A628D368BE00D05B9D /* PBXContainerItemProxy */ = {
			isa = PBXContainerItemProxy;
			containerPortal = 047D388D28D368BB00D05B9D /* Project object */;
			proxyType = 1;
			remoteGlobalIDString = 047D389428D368BB00D05B9D;
			remoteInfo = List;
		};
		047D38B028D368BE00D05B9D /* PBXContainerItemProxy */ = {
			isa = PBXContainerItemProxy;
			containerPortal = 047D388D28D368BB00D05B9D /* Project object */;
			proxyType = 1;
			remoteGlobalIDString = 047D389428D368BB00D05B9D;
			remoteInfo = List;
		};
/* End PBXContainerItemProxy section */

/* Begin PBXFileReference section */
		047D389528D368BB00D05B9D /* List.app */ = {isa = PBXFileReference; explicitFileType = wrapper.application; includeInIndex = 0; path = List.app; sourceTree = BUILT_PRODUCTS_DIR; };
		047D389828D368BB00D05B9D /* ListApp.swift */ = {isa = PBXFileReference; lastKnownFileType = sourcecode.swift; path = ListApp.swift; sourceTree = "<group>"; };
		047D389A28D368BB00D05B9D /* ContentView.swift */ = {isa = PBXFileReference; lastKnownFileType = sourcecode.swift; path = ContentView.swift; sourceTree = "<group>"; };
		047D389C28D368BD00D05B9D /* Assets.xcassets */ = {isa = PBXFileReference; lastKnownFileType = folder.assetcatalog; path = Assets.xcassets; sourceTree = "<group>"; };
		047D389F28D368BD00D05B9D /* Preview Assets.xcassets */ = {isa = PBXFileReference; lastKnownFileType = folder.assetcatalog; path = "Preview Assets.xcassets"; sourceTree = "<group>"; };
		047D38A528D368BE00D05B9D /* ListTests.xctest */ = {isa = PBXFileReference; explicitFileType = wrapper.cfbundle; includeInIndex = 0; path = ListTests.xctest; sourceTree = BUILT_PRODUCTS_DIR; };
		047D38A928D368BE00D05B9D /* ListTests.swift */ = {isa = PBXFileReference; lastKnownFileType = sourcecode.swift; path = ListTests.swift; sourceTree = "<group>"; };
		047D38AF28D368BE00D05B9D /* ListUITests.xctest */ = {isa = PBXFileReference; explicitFileType = wrapper.cfbundle; includeInIndex = 0; path = ListUITests.xctest; sourceTree = BUILT_PRODUCTS_DIR; };
		047D38B328D368BE00D05B9D /* ListUITests.swift */ = {isa = PBXFileReference; lastKnownFileType = sourcecode.swift; path = ListUITests.swift; sourceTree = "<group>"; };
		047D38B528D368BE00D05B9D /* ListUITestsLaunchTests.swift */ = {isa = PBXFileReference; lastKnownFileType = sourcecode.swift; path = ListUITestsLaunchTests.swift; sourceTree = "<group>"; };
		047D38C228D368EB00D05B9D /* List1.swift */ = {isa = PBXFileReference; lastKnownFileType = sourcecode.swift; path = List1.swift; sourceTree = "<group>"; };
		047D38C428D42FF600D05B9D /* BookDetail.swift */ = {isa = PBXFileReference; lastKnownFileType = sourcecode.swift; path = BookDetail.swift; sourceTree = "<group>"; };
		047D38C628D44ADF00D05B9D /* List2.swift */ = {isa = PBXFileReference; lastKnownFileType = sourcecode.swift; path = List2.swift; sourceTree = "<group>"; };
/* End PBXFileReference section */

/* Begin PBXFrameworksBuildPhase section */
		047D389228D368BB00D05B9D /* Frameworks */ = {
			isa = PBXFrameworksBuildPhase;
			buildActionMask = 2147483647;
			files = (
			);
			runOnlyForDeploymentPostprocessing = 0;
		};
		047D38A228D368BE00D05B9D /* Frameworks */ = {
			isa = PBXFrameworksBuildPhase;
			buildActionMask = 2147483647;
			files = (
			);
			runOnlyForDeploymentPostprocessing = 0;
		};
		047D38AC28D368BE00D05B9D /* Frameworks */ = {
			isa = PBXFrameworksBuildPhase;
			buildActionMask = 2147483647;
			files = (
			);
			runOnlyForDeploymentPostprocessing = 0;
		};
/* End PBXFrameworksBuildPhase section */

/* Begin PBXGroup section */
		047D388C28D368BB00D05B9D = {
			isa = PBXGroup;
			children = (
				047D389728D368BB00D05B9D /* List */,
				047D38A828D368BE00D05B9D /* ListTests */,
				047D38B228D368BE00D05B9D /* ListUITests */,
				047D389628D368BB00D05B9D /* Products */,
			);
			sourceTree = "<group>";
		};
		047D389628D368BB00D05B9D /* Products */ = {
			isa = PBXGroup;
			children = (
				047D389528D368BB00D05B9D /* List.app */,
				047D38A528D368BE00D05B9D /* ListTests.xctest */,
				047D38AF28D368BE00D05B9D /* ListUITests.xctest */,
			);
			name = Products;
			sourceTree = "<group>";
		};
		047D389728D368BB00D05B9D /* List */ = {
			isa = PBXGroup;
			children = (
				047D389828D368BB00D05B9D /* ListApp.swift */,
				047D389A28D368BB00D05B9D /* ContentView.swift */,
				047D38C428D42FF600D05B9D /* BookDetail.swift */,
				047D38C228D368EB00D05B9D /* List1.swift */,
				047D38C628D44ADF00D05B9D /* List2.swift */,
				047D389C28D368BD00D05B9D /* Assets.xcassets */,
				047D389E28D368BD00D05B9D /* Preview Content */,
			);
			path = List;
			sourceTree = "<group>";
		};
		047D389E28D368BD00D05B9D /* Preview Content */ = {
			isa = PBXGroup;
			children = (
				047D389F28D368BD00D05B9D /* Preview Assets.xcassets */,
			);
			path = "Preview Content";
			sourceTree = "<group>";
		};
		047D38A828D368BE00D05B9D /* ListTests */ = {
			isa = PBXGroup;
			children = (
				047D38A928D368BE00D05B9D /* ListTests.swift */,
			);
			path = ListTests;
			sourceTree = "<group>";
		};
		047D38B228D368BE00D05B9D /* ListUITests */ = {
			isa = PBXGroup;
			children = (
				047D38B328D368BE00D05B9D /* ListUITests.swift */,
				047D38B528D368BE00D05B9D /* ListUITestsLaunchTests.swift */,
			);
			path = ListUITests;
			sourceTree = "<group>";
		};
/* End PBXGroup section */

/* Begin PBXNativeTarget section */
		047D389428D368BB00D05B9D /* List */ = {
			isa = PBXNativeTarget;
			buildConfigurationList = 047D38B928D368BE00D05B9D /* Build configuration list for PBXNativeTarget "List" */;
			buildPhases = (
				047D389128D368BB00D05B9D /* Sources */,
				047D389228D368BB00D05B9D /* Frameworks */,
				047D389328D368BB00D05B9D /* Resources */,
			);
			buildRules = (
			);
			dependencies = (
			);
			name = List;
			productName = List;
			productReference = 047D389528D368BB00D05B9D /* List.app */;
			productType = "com.apple.product-type.application";
		};
		047D38A428D368BE00D05B9D /* ListTests */ = {
			isa = PBXNativeTarget;
			buildConfigurationList = 047D38BC28D368BE00D05B9D /* Build configuration list for PBXNativeTarget "ListTests" */;
			buildPhases = (
				047D38A128D368BE00D05B9D /* Sources */,
				047D38A228D368BE00D05B9D /* Frameworks */,
				047D38A328D368BE00D05B9D /* Resources */,
			);
			buildRules = (
			);
			dependencies = (
				047D38A728D368BE00D05B9D /* PBXTargetDependency */,
			);
			name = ListTests;
			productName = ListTests;
			productReference = 047D38A528D368BE00D05B9D /* ListTests.xctest */;
			productType = "com.apple.product-type.bundle.unit-test";
		};
		047D38AE28D368BE00D05B9D /* ListUITests */ = {
			isa = PBXNativeTarget;
			buildConfigurationList = 047D38BF28D368BE00D05B9D /* Build configuration list for PBXNativeTarget "ListUITests" */;
			buildPhases = (
				047D38AB28D368BE00D05B9D /* Sources */,
				047D38AC28D368BE00D05B9D /* Frameworks */,
				047D38AD28D368BE00D05B9D /* Resources */,
			);
			buildRules = (
			);
			dependencies = (
				047D38B128D368BE00D05B9D /* PBXTargetDependency */,
			);
			name = ListUITests;
			productName = ListUITests;
			productReference = 047D38AF28D368BE00D05B9D /* ListUITests.xctest */;
			productType = "com.apple.product-type.bundle.ui-testing";
		};
/* End PBXNativeTarget section */

/* Begin PBXProject section */
		047D388D28D368BB00D05B9D /* Project object */ = {
			isa = PBXProject;
			attributes = {
				BuildIndependentTargetsInParallel = 1;
				LastSwiftUpdateCheck = 1400;
				LastUpgradeCheck = 1400;
				TargetAttributes = {
					047D389428D368BB00D05B9D = {
						CreatedOnToolsVersion = 14.0;
					};
					047D38A428D368BE00D05B9D = {
						CreatedOnToolsVersion = 14.0;
						TestTargetID = 047D389428D368BB00D05B9D;
					};
					047D38AE28D368BE00D05B9D = {
						CreatedOnToolsVersion = 14.0;
						TestTargetID = 047D389428D368BB00D05B9D;
					};
				};
			};
			buildConfigurationList = 047D389028D368BB00D05B9D /* Build configuration list for PBXProject "List" */;
			compatibilityVersion = "Xcode 14.0";
			developmentRegion = en;
			hasScannedForEncodings = 0;
			knownRegions = (
				en,
				Base,
			);
			mainGroup = 047D388C28D368BB00D05B9D;
			productRefGroup = 047D389628D368BB00D05B9D /* Products */;
			projectDirPath = "";
			projectRoot = "";
			targets = (
				047D389428D368BB00D05B9D /* List */,
				047D38A428D368BE00D05B9D /* ListTests */,
				047D38AE28D368BE00D05B9D /* ListUITests */,
			);
		};
/* End PBXProject section */

/* Begin PBXResourcesBuildPhase section */
		047D389328D368BB00D05B9D /* Resources */ = {
			isa = PBXResourcesBuildPhase;
			buildActionMask = 2147483647;
			files = (
				047D38A028D368BD00D05B9D /* Preview Assets.xcassets in Resources */,
				047D389D28D368BD00D05B9D /* Assets.xcassets in Resources */,
			);
			runOnlyForDeploymentPostprocessing = 0;
		};
		047D38A328D368BE00D05B9D /* Resources */ = {
			isa = PBXResourcesBuildPhase;
			buildActionMask = 2147483647;
			files = (
			);
			runOnlyForDeploymentPostprocessing = 0;
		};
		047D38AD28D368BE00D05B9D /* Resources */ = {
			isa = PBXResourcesBuildPhase;
			buildActionMask = 2147483647;
			files = (
			);
			runOnlyForDeploymentPostprocessing = 0;
		};
/* End PBXResourcesBuildPhase section */

/* Begin PBXSourcesBuildPhase section */
		047D389128D368BB00D05B9D /* Sources */ = {
			isa = PBXSourcesBuildPhase;
			buildActionMask = 2147483647;
			files = (
				047D389B28D368BB00D05B9D /* ContentView.swift in Sources */,
				047D38C528D42FF600D05B9D /* BookDetail.swift in Sources */,
				047D38C328D368EB00D05B9D /* List1.swift in Sources */,
				047D38C728D44ADF00D05B9D /* List2.swift in Sources */,
				047D389928D368BB00D05B9D /* ListApp.swift in Sources */,
			);
			runOnlyForDeploymentPostprocessing = 0;
		};
		047D38A128D368BE00D05B9D /* Sources */ = {
			isa = PBXSourcesBuildPhase;
			buildActionMask = 2147483647;
			files = (
				047D38AA28D368BE00D05B9D /* ListTests.swift in Sources */,
			);
			runOnlyForDeploymentPostprocessing = 0;
		};
		047D38AB28D368BE00D05B9D /* Sources */ = {
			isa = PBXSourcesBuildPhase;
			buildActionMask = 2147483647;
			files = (
				047D38B628D368BE00D05B9D /* ListUITestsLaunchTests.swift in Sources */,
				047D38B428D368BE00D05B9D /* ListUITests.swift in Sources */,
			);
			runOnlyForDeploymentPostprocessing = 0;
		};
/* End PBXSourcesBuildPhase section */

/* Begin PBXTargetDependency section */
		047D38A728D368BE00D05B9D /* PBXTargetDependency */ = {
			isa = PBXTargetDependency;
			target = 047D389428D368BB00D05B9D /* List */;
			targetProxy = 047D38A628D368BE00D05B9D /* PBXContainerItemProxy */;
		};
		047D38B128D368BE00D05B9D /* PBXTargetDependency */ = {
			isa = PBXTargetDependency;
			target = 047D389428D368BB00D05B9D /* List */;
			targetProxy = 047D38B028D368BE00D05B9D /* PBXContainerItemProxy */;
		};
/* End PBXTargetDependency section */

/* Begin XCBuildConfiguration section */
		047D38B728D368BE00D05B9D /* Debug */ = {
			isa = XCBuildConfiguration;
			buildSettings = {
				ALWAYS_SEARCH_USER_PATHS = NO;
				CLANG_ANALYZER_NONNULL = YES;
				CLANG_ANALYZER_NUMBER_OBJECT_CONVERSION = YES_AGGRESSIVE;
				CLANG_CXX_LANGUAGE_STANDARD = "gnu++20";
				CLANG_ENABLE_MODULES = YES;
				CLANG_ENABLE_OBJC_ARC = YES;
				CLANG_ENABLE_OBJC_WEAK = YES;
				CLANG_WARN_BLOCK_CAPTURE_AUTORELEASING = YES;
				CLANG_WARN_BOOL_CONVERSION = YES;
				CLANG_WARN_COMMA = YES;
				CLANG_WARN_CONSTANT_CONVERSION = YES;
				CLANG_WARN_DEPRECATED_OBJC_IMPLEMENTATIONS = YES;
				CLANG_WARN_DIRECT_OBJC_ISA_USAGE = YES_ERROR;
				CLANG_WARN_DOCUMENTATION_COMMENTS = YES;
				CLANG_WARN_EMPTY_BODY = YES;
				CLANG_WARN_ENUM_CONVERSION = YES;
				CLANG_WARN_INFINITE_RECURSION = YES;
				CLANG_WARN_INT_CONVERSION = YES;
				CLANG_WARN_NON_LITERAL_NULL_CONVERSION = YES;
				CLANG_WARN_OBJC_IMPLICIT_RETAIN_SELF = YES;
				CLANG_WARN_OBJC_LITERAL_CONVERSION = YES;
				CLANG_WARN_OBJC_ROOT_CLASS = YES_ERROR;
				CLANG_WARN_QUOTED_INCLUDE_IN_FRAMEWORK_HEADER = YES;
				CLANG_WARN_RANGE_LOOP_ANALYSIS = YES;
				CLANG_WARN_STRICT_PROTOTYPES = YES;
				CLANG_WARN_SUSPICIOUS_MOVE = YES;
				CLANG_WARN_UNGUARDED_AVAILABILITY = YES_AGGRESSIVE;
				CLANG_WARN_UNREACHABLE_CODE = YES;
				CLANG_WARN__DUPLICATE_METHOD_MATCH = YES;
				COPY_PHASE_STRIP = NO;
				DEBUG_INFORMATION_FORMAT = dwarf;
				ENABLE_STRICT_OBJC_MSGSEND = YES;
				ENABLE_TESTABILITY = YES;
				GCC_C_LANGUAGE_STANDARD = gnu11;
				GCC_DYNAMIC_NO_PIC = NO;
				GCC_NO_COMMON_BLOCKS = YES;
				GCC_OPTIMIZATION_LEVEL = 0;
				GCC_PREPROCESSOR_DEFINITIONS = (
					"DEBUG=1",
					"$(inherited)",
				);
				GCC_WARN_64_TO_32_BIT_CONVERSION = YES;
				GCC_WARN_ABOUT_RETURN_TYPE = YES_ERROR;
				GCC_WARN_UNDECLARED_SELECTOR = YES;
				GCC_WARN_UNINITIALIZED_AUTOS = YES_AGGRESSIVE;
				GCC_WARN_UNUSED_FUNCTION = YES;
				GCC_WARN_UNUSED_VARIABLE = YES;
				IPHONEOS_DEPLOYMENT_TARGET = 16.0;
				MTL_ENABLE_DEBUG_INFO = INCLUDE_SOURCE;
				MTL_FAST_MATH = YES;
				ONLY_ACTIVE_ARCH = YES;
				SDKROOT = iphoneos;
				SWIFT_ACTIVE_COMPILATION_CONDITIONS = DEBUG;
				SWIFT_OPTIMIZATION_LEVEL = "-Onone";
			};
			name = Debug;
		};
		047D38B828D368BE00D05B9D /* Release */ = {
			isa = XCBuildConfiguration;
			buildSettings = {
				ALWAYS_SEARCH_USER_PATHS = NO;
				CLANG_ANALYZER_NONNULL = YES;
				CLANG_ANALYZER_NUMBER_OBJECT_CONVERSION = YES_AGGRESSIVE;
				CLANG_CXX_LANGUAGE_STANDARD = "gnu++20";
				CLANG_ENABLE_MODULES = YES;
				CLANG_ENABLE_OBJC_ARC = YES;
				CLANG_ENABLE_OBJC_WEAK = YES;
				CLANG_WARN_BLOCK_CAPTURE_AUTORELEASING = YES;
				CLANG_WARN_BOOL_CONVERSION = YES;
				CLANG_WARN_COMMA = YES;
				CLANG_WARN_CONSTANT_CONVERSION = YES;
				CLANG_WARN_DEPRECATED_OBJC_IMPLEMENTATIONS = YES;
				CLANG_WARN_DIRECT_OBJC_ISA_USAGE = YES_ERROR;
				CLANG_WARN_DOCUMENTATION_COMMENTS = YES;
				CLANG_WARN_EMPTY_BODY = YES;
				CLANG_WARN_ENUM_CONVERSION = YES;
				CLANG_WARN_INFINITE_RECURSION = YES;
				CLANG_WARN_INT_CONVERSION = YES;
				CLANG_WARN_NON_LITERAL_NULL_CONVERSION = YES;
				CLANG_WARN_OBJC_IMPLICIT_RETAIN_SELF = YES;
				CLANG_WARN_OBJC_LITERAL_CONVERSION = YES;
				CLANG_WARN_OBJC_ROOT_CLASS = YES_ERROR;
				CLANG_WARN_QUOTED_INCLUDE_IN_FRAMEWORK_HEADER = YES;
				CLANG_WARN_RANGE_LOOP_ANALYSIS = YES;
				CLANG_WARN_STRICT_PROTOTYPES = YES;
				CLANG_WARN_SUSPICIOUS_MOVE = YES;
				CLANG_WARN_UNGUARDED_AVAILABILITY = YES_AGGRESSIVE;
				CLANG_WARN_UNREACHABLE_CODE = YES;
				CLANG_WARN__DUPLICATE_METHOD_MATCH = YES;
				COPY_PHASE_STRIP = NO;
				DEBUG_INFORMATION_FORMAT = "dwarf-with-dsym";
				ENABLE_NS_ASSERTIONS = NO;
				ENABLE_STRICT_OBJC_MSGSEND = YES;
				GCC_C_LANGUAGE_STANDARD = gnu11;
				GCC_NO_COMMON_BLOCKS = YES;
				GCC_WARN_64_TO_32_BIT_CONVERSION = YES;
				GCC_WARN_ABOUT_RETURN_TYPE = YES_ERROR;
				GCC_WARN_UNDECLARED_SELECTOR = YES;
				GCC_WARN_UNINITIALIZED_AUTOS = YES_AGGRESSIVE;
				GCC_WARN_UNUSED_FUNCTION = YES;
				GCC_WARN_UNUSED_VARIABLE = YES;
				IPHONEOS_DEPLOYMENT_TARGET = 16.0;
				MTL_ENABLE_DEBUG_INFO = NO;
				MTL_FAST_MATH = YES;
				SDKROOT = iphoneos;
				SWIFT_COMPILATION_MODE = wholemodule;
				SWIFT_OPTIMIZATION_LEVEL = "-O";
				VALIDATE_PRODUCT = YES;
			};
			name = Release;
		};
		047D38BA28D368BE00D05B9D /* Debug */ = {
			isa = XCBuildConfiguration;
			buildSettings = {
				ASSETCATALOG_COMPILER_APPICON_NAME = AppIcon;
				ASSETCATALOG_COMPILER_GLOBAL_ACCENT_COLOR_NAME = AccentColor;
				CODE_SIGN_STYLE = Automatic;
				CURRENT_PROJECT_VERSION = 1;
				DEVELOPMENT_ASSET_PATHS = "\"List/Preview Content\"";
				DEVELOPMENT_TEAM = F6R5B8VXZ9;
				ENABLE_PREVIEWS = YES;
				GENERATE_INFOPLIST_FILE = YES;
				INFOPLIST_KEY_UIApplicationSceneManifest_Generation = YES;
				INFOPLIST_KEY_UIApplicationSupportsIndirectInputEvents = YES;
				INFOPLIST_KEY_UILaunchScreen_Generation = YES;
				INFOPLIST_KEY_UISupportedInterfaceOrientations_iPad = "UIInterfaceOrientationPortrait UIInterfaceOrientationPortraitUpsideDown UIInterfaceOrientationLandscapeLeft UIInterfaceOrientationLandscapeRight";
				INFOPLIST_KEY_UISupportedInterfaceOrientations_iPhone = "UIInterfaceOrientationPortrait UIInterfaceOrientationLandscapeLeft UIInterfaceOrientationLandscapeRight";
				LD_RUNPATH_SEARCH_PATHS = (
					"$(inherited)",
					"@executable_path/Frameworks",
				);
				MARKETING_VERSION = 1.0;
				PRODUCT_BUNDLE_IDENTIFIER = reuniony.com.List;
				PRODUCT_NAME = "$(TARGET_NAME)";
				SWIFT_EMIT_LOC_STRINGS = YES;
				SWIFT_VERSION = 5.0;
				TARGETED_DEVICE_FAMILY = "1,2";
			};
			name = Debug;
		};
		047D38BB28D368BE00D05B9D /* Release */ = {
			isa = XCBuildConfiguration;
			buildSettings = {
				ASSETCATALOG_COMPILER_APPICON_NAME = AppIcon;
				ASSETCATALOG_COMPILER_GLOBAL_ACCENT_COLOR_NAME = AccentColor;
				CODE_SIGN_STYLE = Automatic;
				CURRENT_PROJECT_VERSION = 1;
				DEVELOPMENT_ASSET_PATHS = "\"List/Preview Content\"";
				DEVELOPMENT_TEAM = F6R5B8VXZ9;
				ENABLE_PREVIEWS = YES;
				GENERATE_INFOPLIST_FILE = YES;
				INFOPLIST_KEY_UIApplicationSceneManifest_Generation = YES;
				INFOPLIST_KEY_UIApplicationSupportsIndirectInputEvents = YES;
				INFOPLIST_KEY_UILaunchScreen_Generation = YES;
				INFOPLIST_KEY_UISupportedInterfaceOrientations_iPad = "UIInterfaceOrientationPortrait UIInterfaceOrientationPortraitUpsideDown UIInterfaceOrientationLandscapeLeft UIInterfaceOrientationLandscapeRight";
				INFOPLIST_KEY_UISupportedInterfaceOrientations_iPhone = "UIInterfaceOrientationPortrait UIInterfaceOrientationLandscapeLeft UIInterfaceOrientationLandscapeRight";
				LD_RUNPATH_SEARCH_PATHS = (
					"$(inherited)",
					"@executable_path/Frameworks",
				);
				MARKETING_VERSION = 1.0;
				PRODUCT_BUNDLE_IDENTIFIER = reuniony.com.List;
				PRODUCT_NAME = "$(TARGET_NAME)";
				SWIFT_EMIT_LOC_STRINGS = YES;
				SWIFT_VERSION = 5.0;
				TARGETED_DEVICE_FAMILY = "1,2";
			};
			name = Release;
		};
		047D38BD28D368BE00D05B9D /* Debug */ = {
			isa = XCBuildConfiguration;
			buildSettings = {
				ALWAYS_EMBED_SWIFT_STANDARD_LIBRARIES = YES;
				BUNDLE_LOADER = "$(TEST_HOST)";
				CODE_SIGN_STYLE = Automatic;
				CURRENT_PROJECT_VERSION = 1;
				DEVELOPMENT_TEAM = F6R5B8VXZ9;
				GENERATE_INFOPLIST_FILE = YES;
				IPHONEOS_DEPLOYMENT_TARGET = 16.0;
				MARKETING_VERSION = 1.0;
				PRODUCT_BUNDLE_IDENTIFIER = reuniony.com.ListTests;
				PRODUCT_NAME = "$(TARGET_NAME)";
				SWIFT_EMIT_LOC_STRINGS = NO;
				SWIFT_VERSION = 5.0;
				TARGETED_DEVICE_FAMILY = "1,2";
				TEST_HOST = "$(BUILT_PRODUCTS_DIR)/List.app/$(BUNDLE_EXECUTABLE_FOLDER_PATH)/List";
			};
			name = Debug;
		};
		047D38BE28D368BE00D05B9D /* Release */ = {
			isa = XCBuildConfiguration;
			buildSettings = {
				ALWAYS_EMBED_SWIFT_STANDARD_LIBRARIES = YES;
				BUNDLE_LOADER = "$(TEST_HOST)";
				CODE_SIGN_STYLE = Automatic;
				CURRENT_PROJECT_VERSION = 1;
				DEVELOPMENT_TEAM = F6R5B8VXZ9;
				GENERATE_INFOPLIST_FILE = YES;
				IPHONEOS_DEPLOYMENT_TARGET = 16.0;
				MARKETING_VERSION = 1.0;
				PRODUCT_BUNDLE_IDENTIFIER = reuniony.com.ListTests;
				PRODUCT_NAME = "$(TARGET_NAME)";
				SWIFT_EMIT_LOC_STRINGS = NO;
				SWIFT_VERSION = 5.0;
				TARGETED_DEVICE_FAMILY = "1,2";
				TEST_HOST = "$(BUILT_PRODUCTS_DIR)/List.app/$(BUNDLE_EXECUTABLE_FOLDER_PATH)/List";
			};
			name = Release;
		};
		047D38C028D368BE00D05B9D /* Debug */ = {
			isa = XCBuildConfiguration;
			buildSettings = {
				ALWAYS_EMBED_SWIFT_STANDARD_LIBRARIES = YES;
				CODE_SIGN_STYLE = Automatic;
				CURRENT_PROJECT_VERSION = 1;
				DEVELOPMENT_TEAM = F6R5B8VXZ9;
				GENERATE_INFOPLIST_FILE = YES;
				MARKETING_VERSION = 1.0;
				PRODUCT_BUNDLE_IDENTIFIER = reuniony.com.ListUITests;
				PRODUCT_NAME = "$(TARGET_NAME)";
				SWIFT_EMIT_LOC_STRINGS = NO;
				SWIFT_VERSION = 5.0;
				TARGETED_DEVICE_FAMILY = "1,2";
				TEST_TARGET_NAME = List;
			};
			name = Debug;
		};
		047D38C128D368BE00D05B9D /* Release */ = {
			isa = XCBuildConfiguration;
			buildSettings = {
				ALWAYS_EMBED_SWIFT_STANDARD_LIBRARIES = YES;
				CODE_SIGN_STYLE = Automatic;
				CURRENT_PROJECT_VERSION = 1;
				DEVELOPMENT_TEAM = F6R5B8VXZ9;
				GENERATE_INFOPLIST_FILE = YES;
				MARKETING_VERSION = 1.0;
				PRODUCT_BUNDLE_IDENTIFIER = reuniony.com.ListUITests;
				PRODUCT_NAME = "$(TARGET_NAME)";
				SWIFT_EMIT_LOC_STRINGS = NO;
				SWIFT_VERSION = 5.0;
				TARGETED_DEVICE_FAMILY = "1,2";
				TEST_TARGET_NAME = List;
			};
			name = Release;
		};
/* End XCBuildConfiguration section */

/* Begin XCConfigurationList section */
		047D389028D368BB00D05B9D /* Build configuration list for PBXProject "List" */ = {
			isa = XCConfigurationList;
			buildConfigurations = (
				047D38B728D368BE00D05B9D /* Debug */,
				047D38B828D368BE00D05B9D /* Release */,
			);
			defaultConfigurationIsVisible = 0;
			defaultConfigurationName = Release;
		};
		047D38B928D368BE00D05B9D /* Build configuration list for PBXNativeTarget "List" */ = {
			isa = XCConfigurationList;
			buildConfigurations = (
				047D38BA28D368BE00D05B9D /* Debug */,
				047D38BB28D368BE00D05B9D /* Release */,
			);
			defaultConfigurationIsVisible = 0;
			defaultConfigurationName = Release;
		};
		047D38BC28D368BE00D05B9D /* Build configuration list for PBXNativeTarget "ListTests" */ = {
			isa = XCConfigurationList;
			buildConfigurations = (
				047D38BD28D368BE00D05B9D /* Debug */,
				047D38BE28D368BE00D05B9D /* Release */,
			);
			defaultConfigurationIsVisible = 0;
			defaultConfigurationName = Release;
		};
		047D38BF28D368BE00D05B9D /* Build configuration list for PBXNativeTarget "ListUITests" */ = {
			isa = XCConfigurationList;
			buildConfigurations = (
				047D38C028D368BE00D05B9D /* Debug */,
				047D38C128D368BE00D05B9D /* Release */,
			);
			defaultConfigurationIsVisible = 0;
			defaultConfigurationName = Release;
		};
/* End XCConfigurationList section */
	};
	rootObject = 047D388D28D368BB00D05B9D /* Project object */;
}
